# This file is automatically @generated by Poetry 1.5.4 and should not be changed by hand.

[[package]]
name = "password-generator"
version = "0.1.0"
description = "Simple password generator for Python"
optional = false
python-versions = "*"
files = [
    {file = "password-generator-0.1.0.tar.gz", hash = "sha256:9807398c9c3565b49041a256ceff9a99d698141c2bdf0b0b9101d22a134fd707"},
]

[[package]]
name = "passwordgenerator"
version = "1.5.1"
description = "Passwords easy for humans, hard for computers"
optional = false
python-versions = ">=2.7,>=3.2"
files = [
    {file = "passwordgenerator-1.5.1-py2.py3-none-any.whl", hash = "sha256:d6d0265e4a5cb139edd27a47f9e78464f33b066f4f283bb622fe2b32e2e3999c"},
    {file = "passwordgenerator-1.5.1.tar.gz", hash = "sha256:4cb80150c812ce1d76d36187d95765f7976dcc47628a7c8e03677f52b4341a5a"},
]

[[package]]
name = "strings-pkg"
version = "0.0.1"
description = "string extension package"
optional = false
python-versions = "*"
files = [
    {file = "strings_pkg-0.0.1-cp37-cp37m-macosx_10_14_x86_64.whl", hash = "sha256:9bc92e8d66d8530dc0c964833cea362cf539572ec1c89b6722426b9353026a2e"},
    {file = "strings_pkg-0.0.1.tar.gz", hash = "sha256:24ab06a75e6f19628ce3583bcbe0582d6b1055871aee716b0032785c63d48e79"},
]

[metadata]
lock-version = "2.0"
python-versions = ">=3.10.0,<3.12"
content-hash = "44d3c6f51a02423ab5052a179846a1460efbd025a3217bac3f1209f575ab9161"
